
Microsoft Visual Studio Solution File, Format Version 12.00
# Visual Studio Version 17
VisualStudioVersion = 17.8.34525.116
MinimumVisualStudioVersion = 10.0.40219.1
Project("{9A19103F-16F7-4668-BE54-9A1E7A4F7556}") = "Csharp Basic Logger", "Csharp Basic Logger\Csharp Basic Logger.csproj", "{4C7F6FF2-9129-40B7-9A0F-0A3A164D205B}"
EndProject
Global
	GlobalSection(SolutionConfigurationPlatforms) = preSolution
		Debug|Any CPU = Debug|Any CPU
		Release|Any CPU = Release|Any CPU
	EndGlobalSection
	GlobalSection(ProjectConfigurationPlatforms) = postSolution
		{4C7F6FF2-9129-40B7-9A0F-0A3A164D205B}.Debug|Any CPU.ActiveCfg = Debug|Any CPU
		{4C7F6FF2-9129-40B7-9A0F-0A3A164D205B}.Debug|Any CPU.Build.0 = Debug|Any CPU
		{4C7F6FF2-9129-40B7-9A0F-0A3A164D205B}.Release|Any CPU.ActiveCfg = Release|Any CPU
		{4C7F6FF2-9129-40B7-9A0F-0A3A164D205B}.Release|Any CPU.Build.0 = Release|Any CPU
	EndGlobalSection
	GlobalSection(SolutionProperties) = preSolution
		HideSolutionNode = FALSE
	EndGlobalSection
	GlobalSection(ExtensibilityGlobals) = postSolution
		SolutionGuid = {2CD69C25-763F-4025-8D49-22DC3DFDA109}
	EndGlobalSection
EndGlobal
