
Microsoft Visual Studio Solution File, Format Version 12.00
# Visual Studio Version 17
VisualStudioVersion = 17.8.34525.116
MinimumVisualStudioVersion = 10.0.40219.1
Project("{9A19103F-16F7-4668-BE54-9A1E7A4F7556}") = "DebugViewer", "DebugViewer\DebugViewer.csproj", "{12E7419E-5424-403F-9568-C56BDC039287}"
EndProject
Global
	GlobalSection(SolutionConfigurationPlatforms) = preSolution
		Debug|Any CPU = Debug|Any CPU
		Release|Any CPU = Release|Any CPU
	EndGlobalSection
	GlobalSection(ProjectConfigurationPlatforms) = postSolution
		{12E7419E-5424-403F-9568-C56BDC039287}.Debug|Any CPU.ActiveCfg = Debug|Any CPU
		{12E7419E-5424-403F-9568-C56BDC039287}.Debug|Any CPU.Build.0 = Debug|Any CPU
		{12E7419E-5424-403F-9568-C56BDC039287}.Release|Any CPU.ActiveCfg = Release|Any CPU
		{12E7419E-5424-403F-9568-C56BDC039287}.Release|Any CPU.Build.0 = Release|Any CPU
	EndGlobalSection
	GlobalSection(SolutionProperties) = preSolution
		HideSolutionNode = FALSE
	EndGlobalSection
	GlobalSection(ExtensibilityGlobals) = postSolution
		SolutionGuid = {1165941F-4557-48B7-90D9-7988116FAE85}
	EndGlobalSection
EndGlobal
