
Microsoft Visual Studio Solution File, Format Version 12.00
# Visual Studio Version 17
VisualStudioVersion = 17.8.34525.116
MinimumVisualStudioVersion = 10.0.40219.1
Project("{FAE04EC0-301F-11D3-BF4B-00C04F79EFBC}") = "LinqTestSQLSERVER", "LinqTestSQLSERVER\LinqTestSQLSERVER.csproj", "{90C17C47-0281-40C8-9699-BB58A17B3DC8}"
EndProject
Global
	GlobalSection(SolutionConfigurationPlatforms) = preSolution
		Debug|Any CPU = Debug|Any CPU
		Release|Any CPU = Release|Any CPU
	EndGlobalSection
	GlobalSection(ProjectConfigurationPlatforms) = postSolution
		{90C17C47-0281-40C8-9699-BB58A17B3DC8}.Debug|Any CPU.ActiveCfg = Debug|Any CPU
		{90C17C47-0281-40C8-9699-BB58A17B3DC8}.Debug|Any CPU.Build.0 = Debug|Any CPU
		{90C17C47-0281-40C8-9699-BB58A17B3DC8}.Release|Any CPU.ActiveCfg = Release|Any CPU
		{90C17C47-0281-40C8-9699-BB58A17B3DC8}.Release|Any CPU.Build.0 = Release|Any CPU
	EndGlobalSection
	GlobalSection(SolutionProperties) = preSolution
		HideSolutionNode = FALSE
	EndGlobalSection
	GlobalSection(ExtensibilityGlobals) = postSolution
		SolutionGuid = {6B7A8E34-2EA7-4155-B48E-1D66BC32D98D}
	EndGlobalSection
EndGlobal
